
Microsoft Visual Studio Solution File, Format Version 12.00
# Visual Studio Version 17
VisualStudioVersion = 17.3.32611.2
MinimumVisualStudioVersion = 10.0.40219.1
Project("{9A19103F-16F7-4668-BE54-9A1E7A4F7556}") = "TestRunProject", "TestRunProject\TestRunProject.csproj", "{035E954E-77B4-4B67-B377-C8BD9FC72ECA}"
EndProject
Project("{9A19103F-16F7-4668-BE54-9A1E7A4F7556}") = "TestRunProject.Tests", "TestRunProject.Tests\TestRunProject.Tests.csproj", "{532EB739-CFA9-40A3-9CDC-3490D7BB7DE0}"
EndProject
Global
	GlobalSection(SolutionConfigurationPlatforms) = preSolution
		Debug|Any CPU = Debug|Any CPU
		Release|Any CPU = Release|Any CPU
	EndGlobalSection
	GlobalSection(ProjectConfigurationPlatforms) = postSolution
		{035E954E-77B4-4B67-B377-C8BD9FC72ECA}.Debug|Any CPU.ActiveCfg = Debug|Any CPU
		{035E954E-77B4-4B67-B377-C8BD9FC72ECA}.Debug|Any CPU.Build.0 = Debug|Any CPU
		{035E954E-77B4-4B67-B377-C8BD9FC72ECA}.Release|Any CPU.ActiveCfg = Release|Any CPU
		{035E954E-77B4-4B67-B377-C8BD9FC72ECA}.Release|Any CPU.Build.0 = Release|Any CPU
		{532EB739-CFA9-40A3-9CDC-3490D7BB7DE0}.Debug|Any CPU.ActiveCfg = Debug|Any CPU
		{532EB739-CFA9-40A3-9CDC-3490D7BB7DE0}.Debug|Any CPU.Build.0 = Debug|Any CPU
		{532EB739-CFA9-40A3-9CDC-3490D7BB7DE0}.Release|Any CPU.ActiveCfg = Release|Any CPU
		{532EB739-CFA9-40A3-9CDC-3490D7BB7DE0}.Release|Any CPU.Build.0 = Release|Any CPU
	EndGlobalSection
	GlobalSection(SolutionProperties) = preSolution
		HideSolutionNode = FALSE
	EndGlobalSection
	GlobalSection(ExtensibilityGlobals) = postSolution
		SolutionGuid = {58F9C9F0-440B-43F1-BE71-A5CA9394169E}
	EndGlobalSection
EndGlobal
